
Microsoft Visual Studio Solution File, Format Version 12.00
# Visual Studio 15
VisualStudioVersion = 15.0.27130.2003
MinimumVisualStudioVersion = 10.0.40219.1
Project("{FAE04EC0-301F-11D3-BF4B-00C04F79EFBC}") = "[Compi1]Proyecto1_201503600", "[Compi1]Proyecto1_201503600\[Compi1]Proyecto1_201503600.csproj", "{7889ADB2-A7F6-4184-A8A0-F71FBB6D1115}"
EndProject
Global
	GlobalSection(SolutionConfigurationPlatforms) = preSolution
		Debug|Any CPU = Debug|Any CPU
		Release|Any CPU = Release|Any CPU
	EndGlobalSection
	GlobalSection(ProjectConfigurationPlatforms) = postSolution
		{7889ADB2-A7F6-4184-A8A0-F71FBB6D1115}.Debug|Any CPU.ActiveCfg = Debug|Any CPU
		{7889ADB2-A7F6-4184-A8A0-F71FBB6D1115}.Debug|Any CPU.Build.0 = Debug|Any CPU
		{7889ADB2-A7F6-4184-A8A0-F71FBB6D1115}.Release|Any CPU.ActiveCfg = Release|Any CPU
		{7889ADB2-A7F6-4184-A8A0-F71FBB6D1115}.Release|Any CPU.Build.0 = Release|Any CPU
	EndGlobalSection
	GlobalSection(SolutionProperties) = preSolution
		HideSolutionNode = FALSE
	EndGlobalSection
	GlobalSection(ExtensibilityGlobals) = postSolution
		SolutionGuid = {E599AED5-0A37-4099-9679-032FD0A2C097}
	EndGlobalSection
EndGlobal
