
Microsoft Visual Studio Solution File, Format Version 12.00
# Visual Studio 15
VisualStudioVersion = 15.0.28010.2036
MinimumVisualStudioVersion = 10.0.40219.1
Project("{FAE04EC0-301F-11D3-BF4B-00C04F79EFBC}") = "proyecto_compi111", "proyecto_compi111\proyecto_compi111.csproj", "{3884CB22-AA43-4B00-A480-21E515259CC5}"
EndProject
Global
	GlobalSection(SolutionConfigurationPlatforms) = preSolution
		Debug|Any CPU = Debug|Any CPU
		Release|Any CPU = Release|Any CPU
	EndGlobalSection
	GlobalSection(ProjectConfigurationPlatforms) = postSolution
		{3884CB22-AA43-4B00-A480-21E515259CC5}.Debug|Any CPU.ActiveCfg = Debug|Any CPU
		{3884CB22-AA43-4B00-A480-21E515259CC5}.Debug|Any CPU.Build.0 = Debug|Any CPU
		{3884CB22-AA43-4B00-A480-21E515259CC5}.Release|Any CPU.ActiveCfg = Release|Any CPU
		{3884CB22-AA43-4B00-A480-21E515259CC5}.Release|Any CPU.Build.0 = Release|Any CPU
	EndGlobalSection
	GlobalSection(SolutionProperties) = preSolution
		HideSolutionNode = FALSE
	EndGlobalSection
	GlobalSection(ExtensibilityGlobals) = postSolution
		SolutionGuid = {C39C5E82-881D-41CF-BAB5-7CF01850111C}
	EndGlobalSection
EndGlobal
